{
  "name": "@indivice/omega-web-driver",
  "version": "1.0.6",
  "lockfileVersion": 3,
  "requires": true,
  "packages": {
    "": {
      "name": "@indivice/omega-web-driver",
      "version": "1.0.6",
      "license": "MIT",
      "dependencies": {
        "@indivice/omega-lang": "^1.0.8"
      }
    },
    "node_modules/@indivice/omega-lang": {
      "version": "1.0.8",
      "resolved": "https://registry.npmjs.org/@indivice/omega-lang/-/omega-lang-1.0.8.tgz",
      "integrity": "sha512-owGfHXGk3irFA8eMgTvJX8RpIK1fco2jIXiiO+MkVyQMZp5+JGTqbmK1tbaPVfUHImhkqVQQK8dL9S2hMbharg=="
    }
  }
}
