{
  "name": "@indivice/omega-web-driver",
  "version": "1.0.0",
  "lockfileVersion": 3,
  "requires": true,
  "packages": {
    "": {
      "name": "@indivice/omega-web-driver",
      "version": "1.0.0",
      "license": "MIT",
      "dependencies": {
        "@indivice/omega-lang": "^1.0.3"
      }
    },
    "node_modules/@indivice/omega-lang": {
      "version": "1.0.3",
      "resolved": "https://registry.npmjs.org/@indivice/omega-lang/-/omega-lang-1.0.3.tgz",
      "integrity": "sha512-HlfuvdI0Jz5vFKQHIOe4IN9upfLsKJHZY8YiDndJIgA9vcAUtdWrtSEfzE+0FEHI2jE0hLkZIWSQQ3h6en5uWQ=="
    }
  }
}
