{
  "name": "@indivice/omega-web-driver",
  "version": "1.0.0",
  "lockfileVersion": 3,
  "requires": true,
  "packages": {
    "": {
      "name": "@indivice/omega-web-driver",
      "version": "1.0.0",
      "license": "MIT",
      "dependencies": {
        "@indivice/omega-lang": "^1.0.1"
      }
    },
    "node_modules/@indivice/omega-lang": {
      "version": "1.0.1",
      "resolved": "https://registry.npmjs.org/@indivice/omega-lang/-/omega-lang-1.0.1.tgz",
      "integrity": "sha512-5PvQQ5AFUrJDdvjFrrsbOZABim2sUUuFNPynIf+fqKVqfm1ziOx+Cje19QMsVYAbgKtbQePUHqlVEI+gNFeLWA=="
    }
  }
}
